// !$*UTF8*$!
{
	archiveVersion = 1;
	classes = {
	};
	objectVersion = 46;
	objects = {

/* Begin PBXBuildFile section */
		F738D50A1D70B2FA008EC757 /* main.m in Sources */ = {isa = PBXBuildFile; fileRef = F738D5091D70B2FA008EC757 /* main.m */; };
		F738D5121D70B315008EC757 /* Person.m in Sources */ = {isa = PBXBuildFile; fileRef = F738D5111D70B315008EC757 /* Person.m */; };
		F738D5151D70BB07008EC757 /* UserInput.m in Sources */ = {isa = PBXBuildFile; fileRef = F738D5141D70BB07008EC757 /* UserInput.m */; };
/* End PBXBuildFile section */

/* Begin PBXCopyFilesBuildPhase section */
		F738D5041D70B2FA008EC757 /* CopyFiles */ = {
			isa = PBXCopyFilesBuildPhase;
			buildActionMask = 2147483647;
			dstPath = /usr/share/man/man1/;
			dstSubfolderSpec = 0;
			files = (
			);
			runOnlyForDeploymentPostprocessing = 1;
		};
/* End PBXCopyFilesBuildPhase section */

/* Begin PBXFileReference section */
		F738D5061D70B2FA008EC757 /* TinyAddressBookv2 */ = {isa = PBXFileReference; explicitFileType = "compiled.mach-o.executable"; includeInIndex = 0; path = TinyAddressBookv2; sourceTree = BUILT_PRODUCTS_DIR; };
		F738D5091D70B2FA008EC757 /* main.m */ = {isa = PBXFileReference; lastKnownFileType = sourcecode.c.objc; path = main.m; sourceTree = "<group>"; };
		F738D5101D70B315008EC757 /* Person.h */ = {isa = PBXFileReference; fileEncoding = 4; lastKnownFileType = sourcecode.c.h; path = Person.h; sourceTree = "<group>"; };
		F738D5111D70B315008EC757 /* Person.m */ = {isa = PBXFileReference; fileEncoding = 4; lastKnownFileType = sourcecode.c.objc; path = Person.m; sourceTree = "<group>"; };
		F738D5131D70BB07008EC757 /* UserInput.h */ = {isa = PBXFileReference; fileEncoding = 4; lastKnownFileType = sourcecode.c.h; path = UserInput.h; sourceTree = "<group>"; };
		F738D5141D70BB07008EC757 /* UserInput.m */ = {isa = PBXFileReference; fileEncoding = 4; lastKnownFileType = sourcecode.c.objc; path = UserInput.m; sourceTree = "<group>"; };
/* End PBXFileReference section */

/* Begin PBXFrameworksBuildPhase section */
		F738D5031D70B2FA008EC757 /* Frameworks */ = {
			isa = PBXFrameworksBuildPhase;
			buildActionMask = 2147483647;
			files = (
			);
			runOnlyForDeploymentPostprocessing = 0;
		};
/* End PBXFrameworksBuildPhase section */

/* Begin PBXGroup section */
		F738D4FD1D70B2FA008EC757 = {
			isa = PBXGroup;
			children = (
				F738D5081D70B2FA008EC757 /* TinyAddressBookv2 */,
				F738D5071D70B2FA008EC757 /* Products */,
			);
			sourceTree = "<group>";
		};
		F738D5071D70B2FA008EC757 /* Products */ = {
			isa = PBXGroup;
			children = (
				F738D5061D70B2FA008EC757 /* TinyAddressBookv2 */,
			);
			name = Products;
			sourceTree = "<group>";
		};
		F738D5081D70B2FA008EC757 /* TinyAddressBookv2 */ = {
			isa = PBXGroup;
			children = (
				F738D5091D70B2FA008EC757 /* main.m */,
				F738D5101D70B315008EC757 /* Person.h */,
				F738D5111D70B315008EC757 /* Person.m */,
				F738D5131D70BB07008EC757 /* UserInput.h */,
				F738D5141D70BB07008EC757 /* UserInput.m */,
			);
			path = TinyAddressBookv2;
			sourceTree = "<group>";
		};
/* End PBXGroup section */

/* Begin PBXNativeTarget section */
		F738D5051D70B2FA008EC757 /* TinyAddressBookv2 */ = {
			isa = PBXNativeTarget;
			buildConfigurationList = F738D50D1D70B2FA008EC757 /* Build configuration list for PBXNativeTarget "TinyAddressBookv2" */;
			buildPhases = (
				F738D5021D70B2FA008EC757 /* Sources */,
				F738D5031D70B2FA008EC757 /* Frameworks */,
				F738D5041D70B2FA008EC757 /* CopyFiles */,
			);
			buildRules = (
			);
			dependencies = (
			);
			name = TinyAddressBookv2;
			productName = TinyAddressBookv2;
			productReference = F738D5061D70B2FA008EC757 /* TinyAddressBookv2 */;
			productType = "com.apple.product-type.tool";
		};
/* End PBXNativeTarget section */

/* Begin PBXProject section */
		F738D4FE1D70B2FA008EC757 /* Project object */ = {
			isa = PBXProject;
			attributes = {
				LastUpgradeCheck = 0800;
				ORGANIZATIONNAME = "Dan Esrey";
				TargetAttributes = {
					F738D5051D70B2FA008EC757 = {
						CreatedOnToolsVersion = 8.0;
						DevelopmentTeam = 6EFGV8H972;
						ProvisioningStyle = Automatic;
					};
				};
			};
			buildConfigurationList = F738D5011D70B2FA008EC757 /* Build configuration list for PBXProject "TinyAddressBookv2" */;
			compatibilityVersion = "Xcode 3.2";
			developmentRegion = English;
			hasScannedForEncodings = 0;
			knownRegions = (
				en,
			);
			mainGroup = F738D4FD1D70B2FA008EC757;
			productRefGroup = F738D5071D70B2FA008EC757 /* Products */;
			projectDirPath = "";
			projectRoot = "";
			targets = (
				F738D5051D70B2FA008EC757 /* TinyAddressBookv2 */,
			);
		};
/* End PBXProject section */

/* Begin PBXSourcesBuildPhase section */
		F738D5021D70B2FA008EC757 /* Sources */ = {
			isa = PBXSourcesBuildPhase;
			buildActionMask = 2147483647;
			files = (
				F738D50A1D70B2FA008EC757 /* main.m in Sources */,
				F738D5121D70B315008EC757 /* Person.m in Sources */,
				F738D5151D70BB07008EC757 /* UserInput.m in Sources */,
			);
			runOnlyForDeploymentPostprocessing = 0;
		};
/* End PBXSourcesBuildPhase section */

/* Begin XCBuildConfiguration section */
		F738D50B1D70B2FA008EC757 /* Debug */ = {
			isa = XCBuildConfiguration;
			buildSettings = {
				ALWAYS_SEARCH_USER_PATHS = NO;
				CLANG_ANALYZER_NONNULL = YES;
				CLANG_CXX_LANGUAGE_STANDARD = "gnu++0x";
				CLANG_CXX_LIBRARY = "libc++";
				CLANG_ENABLE_MODULES = YES;
				CLANG_ENABLE_OBJC_ARC = YES;
				CLANG_WARN_BOOL_CONVERSION = YES;
				CLANG_WARN_CONSTANT_CONVERSION = YES;
				CLANG_WARN_DIRECT_OBJC_ISA_USAGE = YES_ERROR;
				CLANG_WARN_DOCUMENTATION_COMMENTS = YES;
				CLANG_WARN_EMPTY_BODY = YES;
				CLANG_WARN_ENUM_CONVERSION = YES;
				CLANG_WARN_INFINITE_RECURSION = YES;
				CLANG_WARN_INT_CONVERSION = YES;
				CLANG_WARN_OBJC_ROOT_CLASS = YES_ERROR;
				CLANG_WARN_SUSPICIOUS_MOVES = YES;
				CLANG_WARN_UNREACHABLE_CODE = YES;
				CLANG_WARN__DUPLICATE_METHOD_MATCH = YES;
				CODE_SIGN_IDENTITY = "-";
				COPY_PHASE_STRIP = NO;
				DEBUG_INFORMATION_FORMAT = dwarf;
				ENABLE_STRICT_OBJC_MSGSEND = YES;
				ENABLE_TESTABILITY = YES;
				GCC_C_LANGUAGE_STANDARD = gnu99;
				GCC_DYNAMIC_NO_PIC = NO;
				GCC_NO_COMMON_BLOCKS = YES;
				GCC_OPTIMIZATION_LEVEL = 0;
				GCC_PREPROCESSOR_DEFINITIONS = (
					"DEBUG=1",
					"$(inherited)",
				);
				GCC_WARN_64_TO_32_BIT_CONVERSION = YES;
				GCC_WARN_ABOUT_RETURN_TYPE = YES_ERROR;
				GCC_WARN_UNDECLARED_SELECTOR = YES;
				GCC_WARN_UNINITIALIZED_AUTOS = YES_AGGRESSIVE;
				GCC_WARN_UNUSED_FUNCTION = YES;
				GCC_WARN_UNUSED_VARIABLE = YES;
				MACOSX_DEPLOYMENT_TARGET = 10.11;
				MTL_ENABLE_DEBUG_INFO = YES;
				ONLY_ACTIVE_ARCH = YES;
				SDKROOT = macosx;
			};
			name = Debug;
		};
		F738D50C1D70B2FA008EC757 /* Release */ = {
			isa = XCBuildConfiguration;
			buildSettings = {
				ALWAYS_SEARCH_USER_PATHS = NO;
				CLANG_ANALYZER_NONNULL = YES;
				CLANG_CXX_LANGUAGE_STANDARD = "gnu++0x";
				CLANG_CXX_LIBRARY = "libc++";
				CLANG_ENABLE_MODULES = YES;
				CLANG_ENABLE_OBJC_ARC = YES;
				CLANG_WARN_BOOL_CONVERSION = YES;
				CLANG_WARN_CONSTANT_CONVERSION = YES;
				CLANG_WARN_DIRECT_OBJC_ISA_USAGE = YES_ERROR;
				CLANG_WARN_DOCUMENTATION_COMMENTS = YES;
				CLANG_WARN_EMPTY_BODY = YES;
				CLANG_WARN_ENUM_CONVERSION = YES;
				CLANG_WARN_INFINITE_RECURSION = YES;
				CLANG_WARN_INT_CONVERSION = YES;
				CLANG_WARN_OBJC_ROOT_CLASS = YES_ERROR;
				CLANG_WARN_SUSPICIOUS_MOVES = YES;
				CLANG_WARN_UNREACHABLE_CODE = YES;
				CLANG_WARN__DUPLICATE_METHOD_MATCH = YES;
				CODE_SIGN_IDENTITY = "-";
				COPY_PHASE_STRIP = NO;
				DEBUG_INFORMATION_FORMAT = "dwarf-with-dsym";
				ENABLE_NS_ASSERTIONS = NO;
				ENABLE_STRICT_OBJC_MSGSEND = YES;
				GCC_C_LANGUAGE_STANDARD = gnu99;
				GCC_NO_COMMON_BLOCKS = YES;
				GCC_WARN_64_TO_32_BIT_CONVERSION = YES;
				GCC_WARN_ABOUT_RETURN_TYPE = YES_ERROR;
				GCC_WARN_UNDECLARED_SELECTOR = YES;
				GCC_WARN_UNINITIALIZED_AUTOS = YES_AGGRESSIVE;
				GCC_WARN_UNUSED_FUNCTION = YES;
				GCC_WARN_UNUSED_VARIABLE = YES;
				MACOSX_DEPLOYMENT_TARGET = 10.11;
				MTL_ENABLE_DEBUG_INFO = NO;
				SDKROOT = macosx;
			};
			name = Release;
		};
		F738D50E1D70B2FA008EC757 /* Debug */ = {
			isa = XCBuildConfiguration;
			buildSettings = {
				DEVELOPMENT_TEAM = 6EFGV8H972;
				PRODUCT_NAME = "$(TARGET_NAME)";
			};
			name = Debug;
		};
		F738D50F1D70B2FA008EC757 /* Release */ = {
			isa = XCBuildConfiguration;
			buildSettings = {
				DEVELOPMENT_TEAM = 6EFGV8H972;
				PRODUCT_NAME = "$(TARGET_NAME)";
			};
			name = Release;
		};
/* End XCBuildConfiguration section */

/* Begin XCConfigurationList section */
		F738D5011D70B2FA008EC757 /* Build configuration list for PBXProject "TinyAddressBookv2" */ = {
			isa = XCConfigurationList;
			buildConfigurations = (
				F738D50B1D70B2FA008EC757 /* Debug */,
				F738D50C1D70B2FA008EC757 /* Release */,
			);
			defaultConfigurationIsVisible = 0;
			defaultConfigurationName = Release;
		};
		F738D50D1D70B2FA008EC757 /* Build configuration list for PBXNativeTarget "TinyAddressBookv2" */ = {
			isa = XCConfigurationList;
			buildConfigurations = (
				F738D50E1D70B2FA008EC757 /* Debug */,
				F738D50F1D70B2FA008EC757 /* Release */,
			);
			defaultConfigurationIsVisible = 0;
			defaultConfigurationName = Release;
		};
/* End XCConfigurationList section */
	};
	rootObject = F738D4FE1D70B2FA008EC757 /* Project object */;
}
